// !$*UTF8*$!
{
	archiveVersion = 1;
	classes = {
	};
	objectVersion = 50;
	objects = {

/* Begin PBXBuildFile section */
		3F45FA9821C34FF5006C500F /* AppDelegate.swift in Sources */ = {isa = PBXBuildFile; fileRef = 3F45FA9721C34FF5006C500F /* AppDelegate.swift */; };
		3F45FA9A21C34FF5006C500F /* ViewController.swift in Sources */ = {isa = PBXBuildFile; fileRef = 3F45FA9921C34FF5006C500F /* ViewController.swift */; };
		3F45FA9D21C34FF5006C500F /* Main.storyboard in Resources */ = {isa = PBXBuildFile; fileRef = 3F45FA9B21C34FF5006C500F /* Main.storyboard */; };
		3F45FA9F21C34FF7006C500F /* Assets.xcassets in Resources */ = {isa = PBXBuildFile; fileRef = 3F45FA9E21C34FF7006C500F /* Assets.xcassets */; };
		3F45FAA221C34FF7006C500F /* LaunchScreen.storyboard in Resources */ = {isa = PBXBuildFile; fileRef = 3F45FAA021C34FF7006C500F /* LaunchScreen.storyboard */; };
		3F45FAAA21C350BC006C500F /* ViewControllerTwo.swift in Sources */ = {isa = PBXBuildFile; fileRef = 3F45FAA921C350BC006C500F /* ViewControllerTwo.swift */; };
		3FC9D0F621C494C8009D3B4F /* Duplicate (play around version).storyboard in Resources */ = {isa = PBXBuildFile; fileRef = 3FC9D0F521C494C8009D3B4F /* Duplicate (play around version).storyboard */; };
/* End PBXBuildFile section */

/* Begin PBXFileReference section */
		3F45FA9421C34FF5006C500F /* CoinFlipGameFinal(2).app */ = {isa = PBXFileReference; explicitFileType = wrapper.application; includeInIndex = 0; path = "CoinFlipGameFinal(2).app"; sourceTree = BUILT_PRODUCTS_DIR; };
		3F45FA9721C34FF5006C500F /* AppDelegate.swift */ = {isa = PBXFileReference; lastKnownFileType = sourcecode.swift; path = AppDelegate.swift; sourceTree = "<group>"; };
		3F45FA9921C34FF5006C500F /* ViewController.swift */ = {isa = PBXFileReference; lastKnownFileType = sourcecode.swift; path = ViewController.swift; sourceTree = "<group>"; };
		3F45FA9C21C34FF5006C500F /* Base */ = {isa = PBXFileReference; lastKnownFileType = file.storyboard; name = Base; path = Base.lproj/Main.storyboard; sourceTree = "<group>"; };
		3F45FA9E21C34FF7006C500F /* Assets.xcassets */ = {isa = PBXFileReference; lastKnownFileType = folder.assetcatalog; path = Assets.xcassets; sourceTree = "<group>"; };
		3F45FAA121C34FF7006C500F /* Base */ = {isa = PBXFileReference; lastKnownFileType = file.storyboard; name = Base; path = Base.lproj/LaunchScreen.storyboard; sourceTree = "<group>"; };
		3F45FAA321C34FF7006C500F /* Info.plist */ = {isa = PBXFileReference; lastKnownFileType = text.plist.xml; path = Info.plist; sourceTree = "<group>"; };
		3F45FAA921C350BC006C500F /* ViewControllerTwo.swift */ = {isa = PBXFileReference; lastKnownFileType = sourcecode.swift; path = ViewControllerTwo.swift; sourceTree = "<group>"; };
		3FC9D0F521C494C8009D3B4F /* Duplicate (play around version).storyboard */ = {isa = PBXFileReference; fileEncoding = 4; lastKnownFileType = file.storyboard; path = "Duplicate (play around version).storyboard"; sourceTree = "<group>"; };
/* End PBXFileReference section */

/* Begin PBXFrameworksBuildPhase section */
		3F45FA9121C34FF5006C500F /* Frameworks */ = {
			isa = PBXFrameworksBuildPhase;
			buildActionMask = 2147483647;
			files = (
			);
			runOnlyForDeploymentPostprocessing = 0;
		};
/* End PBXFrameworksBuildPhase section */

/* Begin PBXGroup section */
		3F45FA8B21C34FF5006C500F = {
			isa = PBXGroup;
			children = (
				3FC9D0F521C494C8009D3B4F /* Duplicate (play around version).storyboard */,
				3F45FA9621C34FF5006C500F /* CoinFlipGameFinal(2) */,
				3F45FA9521C34FF5006C500F /* Products */,
			);
			sourceTree = "<group>";
		};
		3F45FA9521C34FF5006C500F /* Products */ = {
			isa = PBXGroup;
			children = (
				3F45FA9421C34FF5006C500F /* CoinFlipGameFinal(2).app */,
			);
			name = Products;
			sourceTree = "<group>";
		};
		3F45FA9621C34FF5006C500F /* CoinFlipGameFinal(2) */ = {
			isa = PBXGroup;
			children = (
				3F45FA9721C34FF5006C500F /* AppDelegate.swift */,
				3F45FA9B21C34FF5006C500F /* Main.storyboard */,
				3F45FA9921C34FF5006C500F /* ViewController.swift */,
				3F45FAA921C350BC006C500F /* ViewControllerTwo.swift */,
				3F45FA9E21C34FF7006C500F /* Assets.xcassets */,
				3F45FAA021C34FF7006C500F /* LaunchScreen.storyboard */,
				3F45FAA321C34FF7006C500F /* Info.plist */,
			);
			path = "CoinFlipGameFinal(2)";
			sourceTree = "<group>";
		};
/* End PBXGroup section */

/* Begin PBXNativeTarget section */
		3F45FA9321C34FF5006C500F /* CoinFlipGameFinal(2) */ = {
			isa = PBXNativeTarget;
			buildConfigurationList = 3F45FAA621C34FF7006C500F /* Build configuration list for PBXNativeTarget "CoinFlipGameFinal(2)" */;
			buildPhases = (
				3F45FA9021C34FF5006C500F /* Sources */,
				3F45FA9121C34FF5006C500F /* Frameworks */,
				3F45FA9221C34FF5006C500F /* Resources */,
			);
			buildRules = (
			);
			dependencies = (
			);
			name = "CoinFlipGameFinal(2)";
			productName = "CoinFlipGameFinal(2)";
			productReference = 3F45FA9421C34FF5006C500F /* CoinFlipGameFinal(2).app */;
			productType = "com.apple.product-type.application";
		};
/* End PBXNativeTarget section */

/* Begin PBXProject section */
		3F45FA8C21C34FF5006C500F /* Project object */ = {
			isa = PBXProject;
			attributes = {
				LastSwiftUpdateCheck = 1010;
				LastUpgradeCheck = 1010;
				ORGANIZATIONNAME = "Natalie Castaneda";
				TargetAttributes = {
					3F45FA9321C34FF5006C500F = {
						CreatedOnToolsVersion = 10.1;
					};
				};
			};
			buildConfigurationList = 3F45FA8F21C34FF5006C500F /* Build configuration list for PBXProject "CoinFlipGameFinal(2)" */;
			compatibilityVersion = "Xcode 9.3";
			developmentRegion = en;
			hasScannedForEncodings = 0;
			knownRegions = (
				en,
				Base,
			);
			mainGroup = 3F45FA8B21C34FF5006C500F;
			productRefGroup = 3F45FA9521C34FF5006C500F /* Products */;
			projectDirPath = "";
			projectRoot = "";
			targets = (
				3F45FA9321C34FF5006C500F /* CoinFlipGameFinal(2) */,
			);
		};
/* End PBXProject section */

/* Begin PBXResourcesBuildPhase section */
		3F45FA9221C34FF5006C500F /* Resources */ = {
			isa = PBXResourcesBuildPhase;
			buildActionMask = 2147483647;
			files = (
				3F45FAA221C34FF7006C500F /* LaunchScreen.storyboard in Resources */,
				3F45FA9F21C34FF7006C500F /* Assets.xcassets in Resources */,
				3FC9D0F621C494C8009D3B4F /* Duplicate (play around version).storyboard in Resources */,
				3F45FA9D21C34FF5006C500F /* Main.storyboard in Resources */,
			);
			runOnlyForDeploymentPostprocessing = 0;
		};
/* End PBXResourcesBuildPhase section */

/* Begin PBXSourcesBuildPhase section */
		3F45FA9021C34FF5006C500F /* Sources */ = {
			isa = PBXSourcesBuildPhase;
			buildActionMask = 2147483647;
			files = (
				3F45FA9A21C34FF5006C500F /* ViewController.swift in Sources */,
				3F45FA9821C34FF5006C500F /* AppDelegate.swift in Sources */,
				3F45FAAA21C350BC006C500F /* ViewControllerTwo.swift in Sources */,
			);
			runOnlyForDeploymentPostprocessing = 0;
		};
/* End PBXSourcesBuildPhase section */

/* Begin PBXVariantGroup section */
		3F45FA9B21C34FF5006C500F /* Main.storyboard */ = {
			isa = PBXVariantGroup;
			children = (
				3F45FA9C21C34FF5006C500F /* Base */,
			);
			name = Main.storyboard;
			sourceTree = "<group>";
		};
		3F45FAA021C34FF7006C500F /* LaunchScreen.storyboard */ = {
			isa = PBXVariantGroup;
			children = (
				3F45FAA121C34FF7006C500F /* Base */,
			);
			name = LaunchScreen.storyboard;
			sourceTree = "<group>";
		};
/* End PBXVariantGroup section */

/* Begin XCBuildConfiguration section */
		3F45FAA421C34FF7006C500F /* Debug */ = {
			isa = XCBuildConfiguration;
			buildSettings = {
				ALWAYS_SEARCH_USER_PATHS = NO;
				CLANG_ANALYZER_NONNULL = YES;
				CLANG_ANALYZER_NUMBER_OBJECT_CONVERSION = YES_AGGRESSIVE;
				CLANG_CXX_LANGUAGE_STANDARD = "gnu++14";
				CLANG_CXX_LIBRARY = "libc++";
				CLANG_ENABLE_MODULES = YES;
				CLANG_ENABLE_OBJC_ARC = YES;
				CLANG_ENABLE_OBJC_WEAK = YES;
				CLANG_WARN_BLOCK_CAPTURE_AUTORELEASING = YES;
				CLANG_WARN_BOOL_CONVERSION = YES;
				CLANG_WARN_COMMA = YES;
				CLANG_WARN_CONSTANT_CONVERSION = YES;
				CLANG_WARN_DEPRECATED_OBJC_IMPLEMENTATIONS = YES;
				CLANG_WARN_DIRECT_OBJC_ISA_USAGE = YES_ERROR;
				CLANG_WARN_DOCUMENTATION_COMMENTS = YES;
				CLANG_WARN_EMPTY_BODY = YES;
				CLANG_WARN_ENUM_CONVERSION = YES;
				CLANG_WARN_INFINITE_RECURSION = YES;
				CLANG_WARN_INT_CONVERSION = YES;
				CLANG_WARN_NON_LITERAL_NULL_CONVERSION = YES;
				CLANG_WARN_OBJC_IMPLICIT_RETAIN_SELF = YES;
				CLANG_WARN_OBJC_LITERAL_CONVERSION = YES;
				CLANG_WARN_OBJC_ROOT_CLASS = YES_ERROR;
				CLANG_WARN_RANGE_LOOP_ANALYSIS = YES;
				CLANG_WARN_STRICT_PROTOTYPES = YES;
				CLANG_WARN_SUSPICIOUS_MOVE = YES;
				CLANG_WARN_UNGUARDED_AVAILABILITY = YES_AGGRESSIVE;
				CLANG_WARN_UNREACHABLE_CODE = YES;
				CLANG_WARN__DUPLICATE_METHOD_MATCH = YES;
				CODE_SIGN_IDENTITY = "iPhone Developer";
				COPY_PHASE_STRIP = NO;
				DEBUG_INFORMATION_FORMAT = dwarf;
				ENABLE_STRICT_OBJC_MSGSEND = YES;
				ENABLE_TESTABILITY = YES;
				GCC_C_LANGUAGE_STANDARD = gnu11;
				GCC_DYNAMIC_NO_PIC = NO;
				GCC_NO_COMMON_BLOCKS = YES;
				GCC_OPTIMIZATION_LEVEL = 0;
				GCC_PREPROCESSOR_DEFINITIONS = (
					"DEBUG=1",
					"$(inherited)",
				);
				GCC_WARN_64_TO_32_BIT_CONVERSION = YES;
				GCC_WARN_ABOUT_RETURN_TYPE = YES_ERROR;
				GCC_WARN_UNDECLARED_SELECTOR = YES;
				GCC_WARN_UNINITIALIZED_AUTOS = YES_AGGRESSIVE;
				GCC_WARN_UNUSED_FUNCTION = YES;
				GCC_WARN_UNUSED_VARIABLE = YES;
				IPHONEOS_DEPLOYMENT_TARGET = 12.1;
				MTL_ENABLE_DEBUG_INFO = INCLUDE_SOURCE;
				MTL_FAST_MATH = YES;
				ONLY_ACTIVE_ARCH = YES;
				SDKROOT = iphoneos;
				SWIFT_ACTIVE_COMPILATION_CONDITIONS = DEBUG;
				SWIFT_OPTIMIZATION_LEVEL = "-Onone";
			};
			name = Debug;
		};
		3F45FAA521C34FF7006C500F /* Release */ = {
			isa = XCBuildConfiguration;
			buildSettings = {
				ALWAYS_SEARCH_USER_PATHS = NO;
				CLANG_ANALYZER_NONNULL = YES;
				CLANG_ANALYZER_NUMBER_OBJECT_CONVERSION = YES_AGGRESSIVE;
				CLANG_CXX_LANGUAGE_STANDARD = "gnu++14";
				CLANG_CXX_LIBRARY = "libc++";
				CLANG_ENABLE_MODULES = YES;
				CLANG_ENABLE_OBJC_ARC = YES;
				CLANG_ENABLE_OBJC_WEAK = YES;
				CLANG_WARN_BLOCK_CAPTURE_AUTORELEASING = YES;
				CLANG_WARN_BOOL_CONVERSION = YES;
				CLANG_WARN_COMMA = YES;
				CLANG_WARN_CONSTANT_CONVERSION = YES;
				CLANG_WARN_DEPRECATED_OBJC_IMPLEMENTATIONS = YES;
				CLANG_WARN_DIRECT_OBJC_ISA_USAGE = YES_ERROR;
				CLANG_WARN_DOCUMENTATION_COMMENTS = YES;
				CLANG_WARN_EMPTY_BODY = YES;
				CLANG_WARN_ENUM_CONVERSION = YES;
				CLANG_WARN_INFINITE_RECURSION = YES;
				CLANG_WARN_INT_CONVERSION = YES;
				CLANG_WARN_NON_LITERAL_NULL_CONVERSION = YES;
				CLANG_WARN_OBJC_IMPLICIT_RETAIN_SELF = YES;
				CLANG_WARN_OBJC_LITERAL_CONVERSION = YES;
				CLANG_WARN_OBJC_ROOT_CLASS = YES_ERROR;
				CLANG_WARN_RANGE_LOOP_ANALYSIS = YES;
				CLANG_WARN_STRICT_PROTOTYPES = YES;
				CLANG_WARN_SUSPICIOUS_MOVE = YES;
				CLANG_WARN_UNGUARDED_AVAILABILITY = YES_AGGRESSIVE;
				CLANG_WARN_UNREACHABLE_CODE = YES;
				CLANG_WARN__DUPLICATE_METHOD_MATCH = YES;
				CODE_SIGN_IDENTITY = "iPhone Developer";
				COPY_PHASE_STRIP = NO;
				DEBUG_INFORMATION_FORMAT = "dwarf-with-dsym";
				ENABLE_NS_ASSERTIONS = NO;
				ENABLE_STRICT_OBJC_MSGSEND = YES;
				GCC_C_LANGUAGE_STANDARD = gnu11;
				GCC_NO_COMMON_BLOCKS = YES;
				GCC_WARN_64_TO_32_BIT_CONVERSION = YES;
				GCC_WARN_ABOUT_RETURN_TYPE = YES_ERROR;
				GCC_WARN_UNDECLARED_SELECTOR = YES;
				GCC_WARN_UNINITIALIZED_AUTOS = YES_AGGRESSIVE;
				GCC_WARN_UNUSED_FUNCTION = YES;
				GCC_WARN_UNUSED_VARIABLE = YES;
				IPHONEOS_DEPLOYMENT_TARGET = 12.1;
				MTL_ENABLE_DEBUG_INFO = NO;
				MTL_FAST_MATH = YES;
				SDKROOT = iphoneos;
				SWIFT_COMPILATION_MODE = wholemodule;
				SWIFT_OPTIMIZATION_LEVEL = "-O";
				VALIDATE_PRODUCT = YES;
			};
			name = Release;
		};
		3F45FAA721C34FF7006C500F /* Debug */ = {
			isa = XCBuildConfiguration;
			buildSettings = {
				ASSETCATALOG_COMPILER_APPICON_NAME = AppIcon;
				CODE_SIGN_STYLE = Automatic;
				DEVELOPMENT_TEAM = 5A7LUG46KN;
				INFOPLIST_FILE = "CoinFlipGameFinal(2)/Info.plist";
				LD_RUNPATH_SEARCH_PATHS = (
					"$(inherited)",
					"@executable_path/Frameworks",
				);
				PRODUCT_BUNDLE_IDENTIFIER = "Kids4Evr.CoinFlipGameFinal-2-";
				PRODUCT_NAME = "$(TARGET_NAME)";
				SWIFT_VERSION = 4.2;
				TARGETED_DEVICE_FAMILY = "1,2";
			};
			name = Debug;
		};
		3F45FAA821C34FF7006C500F /* Release */ = {
			isa = XCBuildConfiguration;
			buildSettings = {
				ASSETCATALOG_COMPILER_APPICON_NAME = AppIcon;
				CODE_SIGN_STYLE = Automatic;
				DEVELOPMENT_TEAM = 5A7LUG46KN;
				INFOPLIST_FILE = "CoinFlipGameFinal(2)/Info.plist";
				LD_RUNPATH_SEARCH_PATHS = (
					"$(inherited)",
					"@executable_path/Frameworks",
				);
				PRODUCT_BUNDLE_IDENTIFIER = "Kids4Evr.CoinFlipGameFinal-2-";
				PRODUCT_NAME = "$(TARGET_NAME)";
				SWIFT_VERSION = 4.2;
				TARGETED_DEVICE_FAMILY = "1,2";
			};
			name = Release;
		};
/* End XCBuildConfiguration section */

/* Begin XCConfigurationList section */
		3F45FA8F21C34FF5006C500F /* Build configuration list for PBXProject "CoinFlipGameFinal(2)" */ = {
			isa = XCConfigurationList;
			buildConfigurations = (
				3F45FAA421C34FF7006C500F /* Debug */,
				3F45FAA521C34FF7006C500F /* Release */,
			);
			defaultConfigurationIsVisible = 0;
			defaultConfigurationName = Release;
		};
		3F45FAA621C34FF7006C500F /* Build configuration list for PBXNativeTarget "CoinFlipGameFinal(2)" */ = {
			isa = XCConfigurationList;
			buildConfigurations = (
				3F45FAA721C34FF7006C500F /* Debug */,
				3F45FAA821C34FF7006C500F /* Release */,
			);
			defaultConfigurationIsVisible = 0;
			defaultConfigurationName = Release;
		};
/* End XCConfigurationList section */
	};
	rootObject = 3F45FA8C21C34FF5006C500F /* Project object */;
}
